{
  "name": "node-huzszn",
  "lockfileVersion": 3,
  "requires": true,
  "packages": {
    "": {
      "dependencies": {
        "typescript": "^5.4.5"
      },
      "devDependencies": {
        "tsx": "^4.10.2"
      }
    },
    "node_modules/.pnpm/esbuild@0.20.2/node_modules/esbuild": {
      "version": "0.20.2",
      "dev": true,
      "license": "MIT",
      "bin": {
        "esbuild": "bin/esbuild"
      },
      "engines": {
        "node": ">=12"
      }
    },
    "node_modules/.pnpm/get-tsconfig@4.7.5": {
      "dev": true
    },
    "node_modules/.pnpm/get-tsconfig@4.7.5/node_modules/get-tsconfig": {
      "version": "4.7.5",
      "dev": true,
      "license": "MIT",
      "dependencies": {
        "resolve-pkg-maps": "^1.0.0"
      },
      "funding": {
        "url": "https://github.com/privatenumber/get-tsconfig?sponsor=1"
      }
    },
    "node_modules/.pnpm/get-tsconfig@4.7.5/node_modules/resolve-pkg-maps": {
      "resolved": "node_modules/.pnpm/resolve-pkg-maps@1.0.0/node_modules/resolve-pkg-maps",
      "link": true
    },
    "node_modules/.pnpm/resolve-pkg-maps@1.0.0/node_modules/resolve-pkg-maps": {
      "version": "1.0.0",
      "dev": true,
      "license": "MIT",
      "funding": {
        "url": "https://github.com/privatenumber/resolve-pkg-maps?sponsor=1"
      }
    },
    "node_modules/.pnpm/tsx@4.10.2": {
      "dev": true
    },
    "node_modules/.pnpm/tsx@4.10.2/node_modules/esbuild": {
      "resolved": "node_modules/.pnpm/esbuild@0.20.2/node_modules/esbuild",
      "link": true
    },
    "node_modules/.pnpm/tsx@4.10.2/node_modules/get-tsconfig": {
      "resolved": "node_modules/.pnpm/get-tsconfig@4.7.5/node_modules/get-tsconfig",
      "link": true
    },
    "node_modules/.pnpm/tsx@4.10.2/node_modules/tsx": {
      "version": "4.10.2",
      "dev": true,
      "license": "MIT",
      "dependencies": {
        "esbuild": "~0.20.2",
        "get-tsconfig": "^4.7.3"
      },
      "bin": {
        "tsx": "dist/cli.mjs"
      },
      "engines": {
        "node": ">=18.0.0"
      },
      "optionalDependencies": {
        "fsevents": "~2.3.3"
      }
    },
    "node_modules/fsevents": {
      "version": "2.3.3",
      "resolved": "https://registry.npmjs.org/fsevents/-/fsevents-2.3.3.tgz",
      "integrity": "sha512-5xoDfX+fL7faATnagmWPpbFtwh/R77WmMMqqHGS65C3vvB0YHrgF+B1YmZ3441tMj5n63k0212XNoJwzlhffQw==",
      "dev": true,
      "hasInstallScript": true,
      "optional": true,
      "os": [
        "darwin"
      ],
      "engines": {
        "node": "^8.16.0 || ^10.6.0 || >=11.0.0"
      }
    },
    "node_modules/tsx": {
      "resolved": "node_modules/.pnpm/tsx@4.10.2/node_modules/tsx",
      "link": true
    },
    "node_modules/typescript": {
      "version": "5.4.5",
      "resolved": "https://registry.npmjs.org/typescript/-/typescript-5.4.5.tgz",
      "integrity": "sha512-vcI4UpRgg81oIRUFwR0WSIHKt11nJ7SAVlYNIu+QpqeyXP+gpQJy/Z4+F0aGxSE4MqwjyXvW/TzgkLAx2AGHwQ==",
      "bin": {
        "tsc": "bin/tsc",
        "tsserver": "bin/tsserver"
      },
      "engines": {
        "node": ">=14.17"
      }
    }
  }
}
